
Microsoft Visual Studio Solution File, Format Version 12.00
# Visual Studio Version 16
VisualStudioVersion = 16.0.29905.134
MinimumVisualStudioVersion = 10.0.40219.1
Project("{FAE04EC0-301F-11D3-BF4B-00C04F79EFBC}") = "Library.Web", "Library.Apps\Library.Web.csproj", "{842ED5BC-EC1E-4280-9B1D-7BFA94F90EAB}"
EndProject
Project("{FAE04EC0-301F-11D3-BF4B-00C04F79EFBC}") = "Library.Resources", "Library.Resources\Library.Resources.csproj", "{ADDA3F2D-E9CA-411B-95EB-AC37AEEB9B1E}"
EndProject
Project("{FAE04EC0-301F-11D3-BF4B-00C04F79EFBC}") = "Library.Domain", "Library.Domain\Library.Domain.csproj", "{9B2FBA10-9945-456B-93DA-517F87B07FDB}"
EndProject
Project("{FAE04EC0-301F-11D3-BF4B-00C04F79EFBC}") = "Library.Services", "Library.Services\Library.Services.csproj", "{D7B230F4-F580-4578-801A-7DB2316BDE18}"
EndProject
Project("{FAE04EC0-301F-11D3-BF4B-00C04F79EFBC}") = "Library.Common", "Library.Common\Library.Common.csproj", "{74D673E6-8BE2-415E-8BFF-EA23D772CD40}"
EndProject
Project("{FAE04EC0-301F-11D3-BF4B-00C04F79EFBC}") = "Library.Web.API", "Library.Web.API\Library.Web.API.csproj", "{A0A58C07-01D4-4807-91FB-CB2990305E15}"
EndProject
Project("{FAE04EC0-301F-11D3-BF4B-00C04F79EFBC}") = "Library.Console", "Library.Console\Library.Console.csproj", "{D12D22C4-F88D-4953-B2D8-1132553AFAC2}"
EndProject
Global
	GlobalSection(SolutionConfigurationPlatforms) = preSolution
		Debug|Any CPU = Debug|Any CPU
		Release|Any CPU = Release|Any CPU
	EndGlobalSection
	GlobalSection(ProjectConfigurationPlatforms) = postSolution
		{842ED5BC-EC1E-4280-9B1D-7BFA94F90EAB}.Debug|Any CPU.ActiveCfg = Debug|Any CPU
		{842ED5BC-EC1E-4280-9B1D-7BFA94F90EAB}.Debug|Any CPU.Build.0 = Debug|Any CPU
		{842ED5BC-EC1E-4280-9B1D-7BFA94F90EAB}.Release|Any CPU.ActiveCfg = Release|Any CPU
		{842ED5BC-EC1E-4280-9B1D-7BFA94F90EAB}.Release|Any CPU.Build.0 = Release|Any CPU
		{ADDA3F2D-E9CA-411B-95EB-AC37AEEB9B1E}.Debug|Any CPU.ActiveCfg = Debug|Any CPU
		{ADDA3F2D-E9CA-411B-95EB-AC37AEEB9B1E}.Debug|Any CPU.Build.0 = Debug|Any CPU
		{ADDA3F2D-E9CA-411B-95EB-AC37AEEB9B1E}.Release|Any CPU.ActiveCfg = Release|Any CPU
		{ADDA3F2D-E9CA-411B-95EB-AC37AEEB9B1E}.Release|Any CPU.Build.0 = Release|Any CPU
		{9B2FBA10-9945-456B-93DA-517F87B07FDB}.Debug|Any CPU.ActiveCfg = Debug|Any CPU
		{9B2FBA10-9945-456B-93DA-517F87B07FDB}.Debug|Any CPU.Build.0 = Debug|Any CPU
		{9B2FBA10-9945-456B-93DA-517F87B07FDB}.Release|Any CPU.ActiveCfg = Release|Any CPU
		{9B2FBA10-9945-456B-93DA-517F87B07FDB}.Release|Any CPU.Build.0 = Release|Any CPU
		{D7B230F4-F580-4578-801A-7DB2316BDE18}.Debug|Any CPU.ActiveCfg = Debug|Any CPU
		{D7B230F4-F580-4578-801A-7DB2316BDE18}.Debug|Any CPU.Build.0 = Debug|Any CPU
		{D7B230F4-F580-4578-801A-7DB2316BDE18}.Release|Any CPU.ActiveCfg = Release|Any CPU
		{D7B230F4-F580-4578-801A-7DB2316BDE18}.Release|Any CPU.Build.0 = Release|Any CPU
		{74D673E6-8BE2-415E-8BFF-EA23D772CD40}.Debug|Any CPU.ActiveCfg = Debug|Any CPU
		{74D673E6-8BE2-415E-8BFF-EA23D772CD40}.Debug|Any CPU.Build.0 = Debug|Any CPU
		{74D673E6-8BE2-415E-8BFF-EA23D772CD40}.Release|Any CPU.ActiveCfg = Release|Any CPU
		{74D673E6-8BE2-415E-8BFF-EA23D772CD40}.Release|Any CPU.Build.0 = Release|Any CPU
		{A0A58C07-01D4-4807-91FB-CB2990305E15}.Debug|Any CPU.ActiveCfg = Debug|Any CPU
		{A0A58C07-01D4-4807-91FB-CB2990305E15}.Debug|Any CPU.Build.0 = Debug|Any CPU
		{A0A58C07-01D4-4807-91FB-CB2990305E15}.Release|Any CPU.ActiveCfg = Release|Any CPU
		{A0A58C07-01D4-4807-91FB-CB2990305E15}.Release|Any CPU.Build.0 = Release|Any CPU
		{D12D22C4-F88D-4953-B2D8-1132553AFAC2}.Debug|Any CPU.ActiveCfg = Debug|Any CPU
		{D12D22C4-F88D-4953-B2D8-1132553AFAC2}.Debug|Any CPU.Build.0 = Debug|Any CPU
		{D12D22C4-F88D-4953-B2D8-1132553AFAC2}.Release|Any CPU.ActiveCfg = Release|Any CPU
		{D12D22C4-F88D-4953-B2D8-1132553AFAC2}.Release|Any CPU.Build.0 = Release|Any CPU
	EndGlobalSection
	GlobalSection(SolutionProperties) = preSolution
		HideSolutionNode = FALSE
	EndGlobalSection
	GlobalSection(ExtensibilityGlobals) = postSolution
		SolutionGuid = {2884FBF3-0249-450E-841B-BB2CE919C95C}
	EndGlobalSection
EndGlobal
